
Microsoft Visual Studio Solution File, Format Version 12.00
# Visual Studio 15
VisualStudioVersion = 15.0.26124.0
MinimumVisualStudioVersion = 15.0.26124.0
Project("{FAE04EC0-301F-11D3-BF4B-00C04F79EFBC}") = "applications", "Api.Application\applications.csproj", "{D49660B4-80FD-4A5C-9C31-8076644ECB1C}"
EndProject
Project("{FAE04EC0-301F-11D3-BF4B-00C04F79EFBC}") = "Domain", "Api.Domain\Domain.csproj", "{1A36DB66-7970-4D58-9AED-1ECB96118016}"
EndProject
Project("{FAE04EC0-301F-11D3-BF4B-00C04F79EFBC}") = "CrossCutting", "Api.CrossCutting\CrossCutting.csproj", "{2F411F57-F698-416D-A592-0D2FAF6002B7}"
EndProject
Project("{FAE04EC0-301F-11D3-BF4B-00C04F79EFBC}") = "Data", "Api.Data\Data.csproj", "{BA2879DE-0CA6-4D82-B743-F1B502991799}"
EndProject
Project("{FAE04EC0-301F-11D3-BF4B-00C04F79EFBC}") = "Service", "Api.Service\Service.csproj", "{E48A2B74-01DB-41F5-B8C7-60E04B66D88C}"
EndProject
Global
	GlobalSection(SolutionConfigurationPlatforms) = preSolution
		Debug|Any CPU = Debug|Any CPU
		Debug|x64 = Debug|x64
		Debug|x86 = Debug|x86
		Release|Any CPU = Release|Any CPU
		Release|x64 = Release|x64
		Release|x86 = Release|x86
	EndGlobalSection
	GlobalSection(SolutionProperties) = preSolution
		HideSolutionNode = FALSE
	EndGlobalSection
	GlobalSection(ProjectConfigurationPlatforms) = postSolution
		{D49660B4-80FD-4A5C-9C31-8076644ECB1C}.Debug|Any CPU.ActiveCfg = Debug|Any CPU
		{D49660B4-80FD-4A5C-9C31-8076644ECB1C}.Debug|Any CPU.Build.0 = Debug|Any CPU
		{D49660B4-80FD-4A5C-9C31-8076644ECB1C}.Debug|x64.ActiveCfg = Debug|Any CPU
		{D49660B4-80FD-4A5C-9C31-8076644ECB1C}.Debug|x64.Build.0 = Debug|Any CPU
		{D49660B4-80FD-4A5C-9C31-8076644ECB1C}.Debug|x86.ActiveCfg = Debug|Any CPU
		{D49660B4-80FD-4A5C-9C31-8076644ECB1C}.Debug|x86.Build.0 = Debug|Any CPU
		{D49660B4-80FD-4A5C-9C31-8076644ECB1C}.Release|Any CPU.ActiveCfg = Release|Any CPU
		{D49660B4-80FD-4A5C-9C31-8076644ECB1C}.Release|Any CPU.Build.0 = Release|Any CPU
		{D49660B4-80FD-4A5C-9C31-8076644ECB1C}.Release|x64.ActiveCfg = Release|Any CPU
		{D49660B4-80FD-4A5C-9C31-8076644ECB1C}.Release|x64.Build.0 = Release|Any CPU
		{D49660B4-80FD-4A5C-9C31-8076644ECB1C}.Release|x86.ActiveCfg = Release|Any CPU
		{D49660B4-80FD-4A5C-9C31-8076644ECB1C}.Release|x86.Build.0 = Release|Any CPU
		{1A36DB66-7970-4D58-9AED-1ECB96118016}.Debug|Any CPU.ActiveCfg = Debug|Any CPU
		{1A36DB66-7970-4D58-9AED-1ECB96118016}.Debug|Any CPU.Build.0 = Debug|Any CPU
		{1A36DB66-7970-4D58-9AED-1ECB96118016}.Debug|x64.ActiveCfg = Debug|Any CPU
		{1A36DB66-7970-4D58-9AED-1ECB96118016}.Debug|x64.Build.0 = Debug|Any CPU
		{1A36DB66-7970-4D58-9AED-1ECB96118016}.Debug|x86.ActiveCfg = Debug|Any CPU
		{1A36DB66-7970-4D58-9AED-1ECB96118016}.Debug|x86.Build.0 = Debug|Any CPU
		{1A36DB66-7970-4D58-9AED-1ECB96118016}.Release|Any CPU.ActiveCfg = Release|Any CPU
		{1A36DB66-7970-4D58-9AED-1ECB96118016}.Release|Any CPU.Build.0 = Release|Any CPU
		{1A36DB66-7970-4D58-9AED-1ECB96118016}.Release|x64.ActiveCfg = Release|Any CPU
		{1A36DB66-7970-4D58-9AED-1ECB96118016}.Release|x64.Build.0 = Release|Any CPU
		{1A36DB66-7970-4D58-9AED-1ECB96118016}.Release|x86.ActiveCfg = Release|Any CPU
		{1A36DB66-7970-4D58-9AED-1ECB96118016}.Release|x86.Build.0 = Release|Any CPU
		{2F411F57-F698-416D-A592-0D2FAF6002B7}.Debug|Any CPU.ActiveCfg = Debug|Any CPU
		{2F411F57-F698-416D-A592-0D2FAF6002B7}.Debug|Any CPU.Build.0 = Debug|Any CPU
		{2F411F57-F698-416D-A592-0D2FAF6002B7}.Debug|x64.ActiveCfg = Debug|Any CPU
		{2F411F57-F698-416D-A592-0D2FAF6002B7}.Debug|x64.Build.0 = Debug|Any CPU
		{2F411F57-F698-416D-A592-0D2FAF6002B7}.Debug|x86.ActiveCfg = Debug|Any CPU
		{2F411F57-F698-416D-A592-0D2FAF6002B7}.Debug|x86.Build.0 = Debug|Any CPU
		{2F411F57-F698-416D-A592-0D2FAF6002B7}.Release|Any CPU.ActiveCfg = Release|Any CPU
		{2F411F57-F698-416D-A592-0D2FAF6002B7}.Release|Any CPU.Build.0 = Release|Any CPU
		{2F411F57-F698-416D-A592-0D2FAF6002B7}.Release|x64.ActiveCfg = Release|Any CPU
		{2F411F57-F698-416D-A592-0D2FAF6002B7}.Release|x64.Build.0 = Release|Any CPU
		{2F411F57-F698-416D-A592-0D2FAF6002B7}.Release|x86.ActiveCfg = Release|Any CPU
		{2F411F57-F698-416D-A592-0D2FAF6002B7}.Release|x86.Build.0 = Release|Any CPU
		{BA2879DE-0CA6-4D82-B743-F1B502991799}.Debug|Any CPU.ActiveCfg = Debug|Any CPU
		{BA2879DE-0CA6-4D82-B743-F1B502991799}.Debug|Any CPU.Build.0 = Debug|Any CPU
		{BA2879DE-0CA6-4D82-B743-F1B502991799}.Debug|x64.ActiveCfg = Debug|Any CPU
		{BA2879DE-0CA6-4D82-B743-F1B502991799}.Debug|x64.Build.0 = Debug|Any CPU
		{BA2879DE-0CA6-4D82-B743-F1B502991799}.Debug|x86.ActiveCfg = Debug|Any CPU
		{BA2879DE-0CA6-4D82-B743-F1B502991799}.Debug|x86.Build.0 = Debug|Any CPU
		{BA2879DE-0CA6-4D82-B743-F1B502991799}.Release|Any CPU.ActiveCfg = Release|Any CPU
		{BA2879DE-0CA6-4D82-B743-F1B502991799}.Release|Any CPU.Build.0 = Release|Any CPU
		{BA2879DE-0CA6-4D82-B743-F1B502991799}.Release|x64.ActiveCfg = Release|Any CPU
		{BA2879DE-0CA6-4D82-B743-F1B502991799}.Release|x64.Build.0 = Release|Any CPU
		{BA2879DE-0CA6-4D82-B743-F1B502991799}.Release|x86.ActiveCfg = Release|Any CPU
		{BA2879DE-0CA6-4D82-B743-F1B502991799}.Release|x86.Build.0 = Release|Any CPU
		{E48A2B74-01DB-41F5-B8C7-60E04B66D88C}.Debug|Any CPU.ActiveCfg = Debug|Any CPU
		{E48A2B74-01DB-41F5-B8C7-60E04B66D88C}.Debug|Any CPU.Build.0 = Debug|Any CPU
		{E48A2B74-01DB-41F5-B8C7-60E04B66D88C}.Debug|x64.ActiveCfg = Debug|Any CPU
		{E48A2B74-01DB-41F5-B8C7-60E04B66D88C}.Debug|x64.Build.0 = Debug|Any CPU
		{E48A2B74-01DB-41F5-B8C7-60E04B66D88C}.Debug|x86.ActiveCfg = Debug|Any CPU
		{E48A2B74-01DB-41F5-B8C7-60E04B66D88C}.Debug|x86.Build.0 = Debug|Any CPU
		{E48A2B74-01DB-41F5-B8C7-60E04B66D88C}.Release|Any CPU.ActiveCfg = Release|Any CPU
		{E48A2B74-01DB-41F5-B8C7-60E04B66D88C}.Release|Any CPU.Build.0 = Release|Any CPU
		{E48A2B74-01DB-41F5-B8C7-60E04B66D88C}.Release|x64.ActiveCfg = Release|Any CPU
		{E48A2B74-01DB-41F5-B8C7-60E04B66D88C}.Release|x64.Build.0 = Release|Any CPU
		{E48A2B74-01DB-41F5-B8C7-60E04B66D88C}.Release|x86.ActiveCfg = Release|Any CPU
		{E48A2B74-01DB-41F5-B8C7-60E04B66D88C}.Release|x86.Build.0 = Release|Any CPU
	EndGlobalSection
EndGlobal
